
Microsoft Visual Studio Solution File, Format Version 12.00
# Visual Studio 14
VisualStudioVersion = 14.0.25123.0
MinimumVisualStudioVersion = 10.0.40219.1
Project("{FAE04EC0-301F-11D3-BF4B-00C04F79EFBC}") = "Noein", "Noein\Noein.csproj", "{86866985-AB8B-445E-97FB-44EA2CF40BF0}"
EndProject
Project("{FAE04EC0-301F-11D3-BF4B-00C04F79EFBC}") = "NoeinModel", "NoeinModel\NoeinModel.csproj", "{9FA3776E-885F-4C9C-90DF-762FCCD34F9B}"
EndProject
Project("{FAE04EC0-301F-11D3-BF4B-00C04F79EFBC}") = "NoeinService", "NoeinService\NoeinService.csproj", "{CE1A15D4-7282-4246-8D44-A73454533E50}"
EndProject
Global
	GlobalSection(SolutionConfigurationPlatforms) = preSolution
		Debug|Any CPU = Debug|Any CPU
		Release|Any CPU = Release|Any CPU
	EndGlobalSection
	GlobalSection(ProjectConfigurationPlatforms) = postSolution
		{86866985-AB8B-445E-97FB-44EA2CF40BF0}.Debug|Any CPU.ActiveCfg = Debug|Any CPU
		{86866985-AB8B-445E-97FB-44EA2CF40BF0}.Debug|Any CPU.Build.0 = Debug|Any CPU
		{86866985-AB8B-445E-97FB-44EA2CF40BF0}.Release|Any CPU.ActiveCfg = Release|Any CPU
		{86866985-AB8B-445E-97FB-44EA2CF40BF0}.Release|Any CPU.Build.0 = Release|Any CPU
		{9FA3776E-885F-4C9C-90DF-762FCCD34F9B}.Debug|Any CPU.ActiveCfg = Debug|Any CPU
		{9FA3776E-885F-4C9C-90DF-762FCCD34F9B}.Debug|Any CPU.Build.0 = Debug|Any CPU
		{9FA3776E-885F-4C9C-90DF-762FCCD34F9B}.Release|Any CPU.ActiveCfg = Release|Any CPU
		{9FA3776E-885F-4C9C-90DF-762FCCD34F9B}.Release|Any CPU.Build.0 = Release|Any CPU
		{CE1A15D4-7282-4246-8D44-A73454533E50}.Debug|Any CPU.ActiveCfg = Debug|Any CPU
		{CE1A15D4-7282-4246-8D44-A73454533E50}.Debug|Any CPU.Build.0 = Debug|Any CPU
		{CE1A15D4-7282-4246-8D44-A73454533E50}.Release|Any CPU.ActiveCfg = Release|Any CPU
		{CE1A15D4-7282-4246-8D44-A73454533E50}.Release|Any CPU.Build.0 = Release|Any CPU
	EndGlobalSection
	GlobalSection(SolutionProperties) = preSolution
		HideSolutionNode = FALSE
	EndGlobalSection
EndGlobal
